
Microsoft Visual Studio Solution File, Format Version 12.00
# Visual Studio Version 16
VisualStudioVersion = 16.0.31613.86
MinimumVisualStudioVersion = 10.0.40219.1
Project("{FAE04EC0-301F-11D3-BF4B-00C04F79EFBC}") = "Biblioteca", "Biblioteca.csproj", "{480BAFFA-B88C-4839-9B96-6BF05C58FAF0}"
EndProject
Global
	GlobalSection(SolutionConfigurationPlatforms) = preSolution
		Debug|Any CPU = Debug|Any CPU
		Release|Any CPU = Release|Any CPU
	EndGlobalSection
	GlobalSection(ProjectConfigurationPlatforms) = postSolution
		{480BAFFA-B88C-4839-9B96-6BF05C58FAF0}.Debug|Any CPU.ActiveCfg = Debug|Any CPU
		{480BAFFA-B88C-4839-9B96-6BF05C58FAF0}.Debug|Any CPU.Build.0 = Debug|Any CPU
		{480BAFFA-B88C-4839-9B96-6BF05C58FAF0}.Release|Any CPU.ActiveCfg = Release|Any CPU
		{480BAFFA-B88C-4839-9B96-6BF05C58FAF0}.Release|Any CPU.Build.0 = Release|Any CPU
	EndGlobalSection
	GlobalSection(SolutionProperties) = preSolution
		HideSolutionNode = FALSE
	EndGlobalSection
	GlobalSection(ExtensibilityGlobals) = postSolution
		SolutionGuid = {EAB461EC-46FB-4739-BE41-81816E9E89F0}
	EndGlobalSection
EndGlobal
